<?xml version="1.0" encoding="utf-8"?>
<Project ToolsVersion="4.0" xmlns="http://schemas.microsoft.com/developer/msbuild/2003">
  <ItemGroup>
    <ClInclude Include="DDNS_CLR.h" />
    <ClInclude Include="Packet\DDNS_Server\packet.h">
      <Filter>Packet\DDNS_Server</Filter>
    </ClInclude>
  </ItemGroup>
  <ItemGroup>
    <ClCompile Include="DDNS_CLR.cpp" />
    <ClCompile Include="imports.cpp" />
    <ClCompile Include="Packet\DDNS_Server\packet_ddns_server_parse.cpp">
      <Filter>Packet\DDNS_Server</Filter>
    </ClCompile>
    <ClCompile Include="Packet\DDNS_Server\packet_ddns_server_send.cpp">
      <Filter>Packet\DDNS_Server</Filter>
    </ClCompile>
  </ItemGroup>
  <ItemGroup>
    <Filter Include="Packet">
      <UniqueIdentifier>{ec6529d4-8628-4c0b-bc0a-62752e1db164}</UniqueIdentifier>
    </Filter>
    <Filter Include="Packet\DDNS_Server">
      <UniqueIdentifier>{08909182-9049-48fa-a398-f443425898ed}</UniqueIdentifier>
    </Filter>
  </ItemGroup>
</Project>