
Microsoft Visual Studio Solution File, Format Version 12.00
# Visual Studio Version 17
VisualStudioVersion = 17.14.36203.30
MinimumVisualStudioVersion = 10.0.40219.1
Project("{8BC9CEB8-8B4A-11D0-8D11-00A0C91BC942}") = "ddns_lib_CLR", "Src\ddns_lib_CLR\ddns_lib_CLR.vcxproj", "{993BF268-76E9-08E9-4532-40A02123FD98}"
EndProject
Project("{FAE04EC0-301F-11D3-BF4B-00C04F79EFBC}") = "ddns_lib", "Src\ddns_lib\ddns_lib.csproj", "{F29252C9-C149-4159-8924-CCE1B7F2D94D}"
	ProjectSection(ProjectDependencies) = postProject
		{993BF268-76E9-08E9-4532-40A02123FD98} = {993BF268-76E9-08E9-4532-40A02123FD98}
	EndProjectSection
EndProject
Project("{2150E333-8FDC-42A3-9474-1A3956D46DE8}") = "Client", "Client", "{02EA681E-C7D8-13C7-8484-4AC65E1B71E8}"
EndProject
Project("{2150E333-8FDC-42A3-9474-1A3956D46DE8}") = "Server", "Server", "{1603A269-D677-4079-96AB-CB921A887A7A}"
EndProject
Project("{FAE04EC0-301F-11D3-BF4B-00C04F79EFBC}") = "get_ip_from_URL", "Src\Client\get_ip_from_URL\get_ip_from_URL.csproj", "{BC788EAD-762B-4EF0-9C06-9206EE9D42BE}"
EndProject
Project("{8BC9CEB8-8B4A-11D0-8D11-00A0C91BC942}") = "Common", "Src\Server\Common\Common.vcxproj", "{542B5DB0-8E3E-4787-A088-5B498F41A35C}"
EndProject
Project("{8BC9CEB8-8B4A-11D0-8D11-00A0C91BC942}") = "ddns_server_CLR", "Src\Server\ddns_server_CLR\ddns_server_CLR.vcxproj", "{BF59C6B6-89EE-6742-7456-B2FC666BB018}"
EndProject
Project("{8BC9CEB8-8B4A-11D0-8D11-00A0C91BC942}") = "ddns_server__Client", "Src\Server\ddns_server__Client\ddns_server__Client.vcxproj", "{F6D1D4AB-6CB9-41F1-9DF2-AD60E1E89826}"
	ProjectSection(ProjectDependencies) = postProject
		{542B5DB0-8E3E-4787-A088-5B498F41A35C} = {542B5DB0-8E3E-4787-A088-5B498F41A35C}
	EndProjectSection
EndProject
Project("{8BC9CEB8-8B4A-11D0-8D11-00A0C91BC942}") = "ddns_server", "Src\Server\ddns_server\ddns_server.vcxproj", "{2C77A61C-51B3-448E-9931-4A8A173566FD}"
	ProjectSection(ProjectDependencies) = postProject
		{542B5DB0-8E3E-4787-A088-5B498F41A35C} = {542B5DB0-8E3E-4787-A088-5B498F41A35C}
		{BF59C6B6-89EE-6742-7456-B2FC666BB018} = {BF59C6B6-89EE-6742-7456-B2FC666BB018}
	EndProjectSection
EndProject
Project("{8BC9CEB8-8B4A-11D0-8D11-00A0C91BC942}") = "ddns_tool_CLR", "Src\Client\ddns_tool_CLR\ddns_tool_CLR.vcxproj", "{83E6A32E-95B0-CA82-7418-211211ABE5F8}"
	ProjectSection(ProjectDependencies) = postProject
		{F29252C9-C149-4159-8924-CCE1B7F2D94D} = {F29252C9-C149-4159-8924-CCE1B7F2D94D}
		{F6D1D4AB-6CB9-41F1-9DF2-AD60E1E89826} = {F6D1D4AB-6CB9-41F1-9DF2-AD60E1E89826}
	EndProjectSection
EndProject
Project("{FAE04EC0-301F-11D3-BF4B-00C04F79EFBC}") = "ddns_tool", "Src\Client\ddns_tool\ddns_tool.csproj", "{7F2D6539-6F38-4FE4-BD31-672D0CB0E928}"
	ProjectSection(ProjectDependencies) = postProject
		{BC788EAD-762B-4EF0-9C06-9206EE9D42BE} = {BC788EAD-762B-4EF0-9C06-9206EE9D42BE}
	EndProjectSection
EndProject
Project("{FAE04EC0-301F-11D3-BF4B-00C04F79EFBC}") = "diff_copy", "Src\diff_copy\diff_copy.csproj", "{E8805591-9946-4439-BFEC-F81B1E862C68}"
EndProject
Project("{8BC9CEB8-8B4A-11D0-8D11-00A0C91BC942}") = "BUILD_ALL", "Src\BUILD_ALL\BUILD_ALL.vcxproj", "{2D7B6FA4-3031-4741-B988-840FD3134AB6}"
	ProjectSection(ProjectDependencies) = postProject
		{2C77A61C-51B3-448E-9931-4A8A173566FD} = {2C77A61C-51B3-448E-9931-4A8A173566FD}
		{7F2D6539-6F38-4FE4-BD31-672D0CB0E928} = {7F2D6539-6F38-4FE4-BD31-672D0CB0E928}
		{BC788EAD-762B-4EF0-9C06-9206EE9D42BE} = {BC788EAD-762B-4EF0-9C06-9206EE9D42BE}
		{E8805591-9946-4439-BFEC-F81B1E862C68} = {E8805591-9946-4439-BFEC-F81B1E862C68}
	EndProjectSection
EndProject
Global
	GlobalSection(SolutionConfigurationPlatforms) = preSolution
		Debug|Any CPU = Debug|Any CPU
		Debug|x64 = Debug|x64
		Release|Any CPU = Release|Any CPU
		Release|x64 = Release|x64
	EndGlobalSection
	GlobalSection(ProjectConfigurationPlatforms) = postSolution
		{993BF268-76E9-08E9-4532-40A02123FD98}.Debug|Any CPU.ActiveCfg = Debug|x64
		{993BF268-76E9-08E9-4532-40A02123FD98}.Debug|Any CPU.Build.0 = Debug|x64
		{993BF268-76E9-08E9-4532-40A02123FD98}.Debug|x64.ActiveCfg = Debug|x64
		{993BF268-76E9-08E9-4532-40A02123FD98}.Debug|x64.Build.0 = Debug|x64
		{993BF268-76E9-08E9-4532-40A02123FD98}.Release|Any CPU.ActiveCfg = Release|x64
		{993BF268-76E9-08E9-4532-40A02123FD98}.Release|Any CPU.Build.0 = Release|x64
		{993BF268-76E9-08E9-4532-40A02123FD98}.Release|x64.ActiveCfg = Release|x64
		{993BF268-76E9-08E9-4532-40A02123FD98}.Release|x64.Build.0 = Release|x64
		{F29252C9-C149-4159-8924-CCE1B7F2D94D}.Debug|Any CPU.ActiveCfg = Debug|Any CPU
		{F29252C9-C149-4159-8924-CCE1B7F2D94D}.Debug|Any CPU.Build.0 = Debug|Any CPU
		{F29252C9-C149-4159-8924-CCE1B7F2D94D}.Debug|x64.ActiveCfg = Debug|Any CPU
		{F29252C9-C149-4159-8924-CCE1B7F2D94D}.Debug|x64.Build.0 = Debug|Any CPU
		{F29252C9-C149-4159-8924-CCE1B7F2D94D}.Release|Any CPU.ActiveCfg = Release|Any CPU
		{F29252C9-C149-4159-8924-CCE1B7F2D94D}.Release|Any CPU.Build.0 = Release|Any CPU
		{F29252C9-C149-4159-8924-CCE1B7F2D94D}.Release|x64.ActiveCfg = Release|Any CPU
		{F29252C9-C149-4159-8924-CCE1B7F2D94D}.Release|x64.Build.0 = Release|Any CPU
		{BC788EAD-762B-4EF0-9C06-9206EE9D42BE}.Debug|Any CPU.ActiveCfg = Debug|Any CPU
		{BC788EAD-762B-4EF0-9C06-9206EE9D42BE}.Debug|Any CPU.Build.0 = Debug|Any CPU
		{BC788EAD-762B-4EF0-9C06-9206EE9D42BE}.Debug|x64.ActiveCfg = Debug|Any CPU
		{BC788EAD-762B-4EF0-9C06-9206EE9D42BE}.Debug|x64.Build.0 = Debug|Any CPU
		{BC788EAD-762B-4EF0-9C06-9206EE9D42BE}.Release|Any CPU.ActiveCfg = Release|Any CPU
		{BC788EAD-762B-4EF0-9C06-9206EE9D42BE}.Release|Any CPU.Build.0 = Release|Any CPU
		{BC788EAD-762B-4EF0-9C06-9206EE9D42BE}.Release|x64.ActiveCfg = Release|Any CPU
		{BC788EAD-762B-4EF0-9C06-9206EE9D42BE}.Release|x64.Build.0 = Release|Any CPU
		{542B5DB0-8E3E-4787-A088-5B498F41A35C}.Debug|Any CPU.ActiveCfg = Debug|x64
		{542B5DB0-8E3E-4787-A088-5B498F41A35C}.Debug|Any CPU.Build.0 = Debug|x64
		{542B5DB0-8E3E-4787-A088-5B498F41A35C}.Debug|x64.ActiveCfg = Debug|x64
		{542B5DB0-8E3E-4787-A088-5B498F41A35C}.Debug|x64.Build.0 = Debug|x64
		{542B5DB0-8E3E-4787-A088-5B498F41A35C}.Release|Any CPU.ActiveCfg = Release|x64
		{542B5DB0-8E3E-4787-A088-5B498F41A35C}.Release|Any CPU.Build.0 = Release|x64
		{542B5DB0-8E3E-4787-A088-5B498F41A35C}.Release|x64.ActiveCfg = Release|x64
		{542B5DB0-8E3E-4787-A088-5B498F41A35C}.Release|x64.Build.0 = Release|x64
		{BF59C6B6-89EE-6742-7456-B2FC666BB018}.Debug|Any CPU.ActiveCfg = Debug|x64
		{BF59C6B6-89EE-6742-7456-B2FC666BB018}.Debug|Any CPU.Build.0 = Debug|x64
		{BF59C6B6-89EE-6742-7456-B2FC666BB018}.Debug|x64.ActiveCfg = Debug|x64
		{BF59C6B6-89EE-6742-7456-B2FC666BB018}.Debug|x64.Build.0 = Debug|x64
		{BF59C6B6-89EE-6742-7456-B2FC666BB018}.Release|Any CPU.ActiveCfg = Release|x64
		{BF59C6B6-89EE-6742-7456-B2FC666BB018}.Release|Any CPU.Build.0 = Release|x64
		{BF59C6B6-89EE-6742-7456-B2FC666BB018}.Release|x64.ActiveCfg = Release|x64
		{BF59C6B6-89EE-6742-7456-B2FC666BB018}.Release|x64.Build.0 = Release|x64
		{F6D1D4AB-6CB9-41F1-9DF2-AD60E1E89826}.Debug|Any CPU.ActiveCfg = Debug|x64
		{F6D1D4AB-6CB9-41F1-9DF2-AD60E1E89826}.Debug|Any CPU.Build.0 = Debug|x64
		{F6D1D4AB-6CB9-41F1-9DF2-AD60E1E89826}.Debug|x64.ActiveCfg = Debug|x64
		{F6D1D4AB-6CB9-41F1-9DF2-AD60E1E89826}.Debug|x64.Build.0 = Debug|x64
		{F6D1D4AB-6CB9-41F1-9DF2-AD60E1E89826}.Release|Any CPU.ActiveCfg = Release|x64
		{F6D1D4AB-6CB9-41F1-9DF2-AD60E1E89826}.Release|Any CPU.Build.0 = Release|x64
		{F6D1D4AB-6CB9-41F1-9DF2-AD60E1E89826}.Release|x64.ActiveCfg = Release|x64
		{F6D1D4AB-6CB9-41F1-9DF2-AD60E1E89826}.Release|x64.Build.0 = Release|x64
		{2C77A61C-51B3-448E-9931-4A8A173566FD}.Debug|Any CPU.ActiveCfg = Debug|x64
		{2C77A61C-51B3-448E-9931-4A8A173566FD}.Debug|Any CPU.Build.0 = Debug|x64
		{2C77A61C-51B3-448E-9931-4A8A173566FD}.Debug|x64.ActiveCfg = Debug|x64
		{2C77A61C-51B3-448E-9931-4A8A173566FD}.Debug|x64.Build.0 = Debug|x64
		{2C77A61C-51B3-448E-9931-4A8A173566FD}.Release|Any CPU.ActiveCfg = Release|x64
		{2C77A61C-51B3-448E-9931-4A8A173566FD}.Release|Any CPU.Build.0 = Release|x64
		{2C77A61C-51B3-448E-9931-4A8A173566FD}.Release|x64.ActiveCfg = Release|x64
		{2C77A61C-51B3-448E-9931-4A8A173566FD}.Release|x64.Build.0 = Release|x64
		{83E6A32E-95B0-CA82-7418-211211ABE5F8}.Debug|Any CPU.ActiveCfg = Debug|x64
		{83E6A32E-95B0-CA82-7418-211211ABE5F8}.Debug|Any CPU.Build.0 = Debug|x64
		{83E6A32E-95B0-CA82-7418-211211ABE5F8}.Debug|x64.ActiveCfg = Debug|x64
		{83E6A32E-95B0-CA82-7418-211211ABE5F8}.Debug|x64.Build.0 = Debug|x64
		{83E6A32E-95B0-CA82-7418-211211ABE5F8}.Release|Any CPU.ActiveCfg = Release|x64
		{83E6A32E-95B0-CA82-7418-211211ABE5F8}.Release|Any CPU.Build.0 = Release|x64
		{83E6A32E-95B0-CA82-7418-211211ABE5F8}.Release|x64.ActiveCfg = Release|x64
		{83E6A32E-95B0-CA82-7418-211211ABE5F8}.Release|x64.Build.0 = Release|x64
		{7F2D6539-6F38-4FE4-BD31-672D0CB0E928}.Debug|Any CPU.ActiveCfg = Debug|Any CPU
		{7F2D6539-6F38-4FE4-BD31-672D0CB0E928}.Debug|Any CPU.Build.0 = Debug|Any CPU
		{7F2D6539-6F38-4FE4-BD31-672D0CB0E928}.Debug|x64.ActiveCfg = Debug|Any CPU
		{7F2D6539-6F38-4FE4-BD31-672D0CB0E928}.Debug|x64.Build.0 = Debug|Any CPU
		{7F2D6539-6F38-4FE4-BD31-672D0CB0E928}.Release|Any CPU.ActiveCfg = Release|Any CPU
		{7F2D6539-6F38-4FE4-BD31-672D0CB0E928}.Release|Any CPU.Build.0 = Release|Any CPU
		{7F2D6539-6F38-4FE4-BD31-672D0CB0E928}.Release|x64.ActiveCfg = Release|Any CPU
		{7F2D6539-6F38-4FE4-BD31-672D0CB0E928}.Release|x64.Build.0 = Release|Any CPU
		{E8805591-9946-4439-BFEC-F81B1E862C68}.Debug|Any CPU.ActiveCfg = Debug|Any CPU
		{E8805591-9946-4439-BFEC-F81B1E862C68}.Debug|Any CPU.Build.0 = Debug|Any CPU
		{E8805591-9946-4439-BFEC-F81B1E862C68}.Debug|x64.ActiveCfg = Debug|Any CPU
		{E8805591-9946-4439-BFEC-F81B1E862C68}.Debug|x64.Build.0 = Debug|Any CPU
		{E8805591-9946-4439-BFEC-F81B1E862C68}.Release|Any CPU.ActiveCfg = Release|Any CPU
		{E8805591-9946-4439-BFEC-F81B1E862C68}.Release|Any CPU.Build.0 = Release|Any CPU
		{E8805591-9946-4439-BFEC-F81B1E862C68}.Release|x64.ActiveCfg = Release|Any CPU
		{E8805591-9946-4439-BFEC-F81B1E862C68}.Release|x64.Build.0 = Release|Any CPU
		{2D7B6FA4-3031-4741-B988-840FD3134AB6}.Debug|Any CPU.ActiveCfg = Debug|x64
		{2D7B6FA4-3031-4741-B988-840FD3134AB6}.Debug|Any CPU.Build.0 = Debug|x64
		{2D7B6FA4-3031-4741-B988-840FD3134AB6}.Debug|x64.ActiveCfg = Debug|x64
		{2D7B6FA4-3031-4741-B988-840FD3134AB6}.Debug|x64.Build.0 = Debug|x64
		{2D7B6FA4-3031-4741-B988-840FD3134AB6}.Release|Any CPU.ActiveCfg = Release|x64
		{2D7B6FA4-3031-4741-B988-840FD3134AB6}.Release|Any CPU.Build.0 = Release|x64
		{2D7B6FA4-3031-4741-B988-840FD3134AB6}.Release|x64.ActiveCfg = Release|x64
		{2D7B6FA4-3031-4741-B988-840FD3134AB6}.Release|x64.Build.0 = Release|x64
	EndGlobalSection
	GlobalSection(SolutionProperties) = preSolution
		HideSolutionNode = FALSE
	EndGlobalSection
	GlobalSection(NestedProjects) = preSolution
		{BC788EAD-762B-4EF0-9C06-9206EE9D42BE} = {02EA681E-C7D8-13C7-8484-4AC65E1B71E8}
		{542B5DB0-8E3E-4787-A088-5B498F41A35C} = {1603A269-D677-4079-96AB-CB921A887A7A}
		{BF59C6B6-89EE-6742-7456-B2FC666BB018} = {1603A269-D677-4079-96AB-CB921A887A7A}
		{F6D1D4AB-6CB9-41F1-9DF2-AD60E1E89826} = {1603A269-D677-4079-96AB-CB921A887A7A}
		{2C77A61C-51B3-448E-9931-4A8A173566FD} = {1603A269-D677-4079-96AB-CB921A887A7A}
		{83E6A32E-95B0-CA82-7418-211211ABE5F8} = {02EA681E-C7D8-13C7-8484-4AC65E1B71E8}
		{7F2D6539-6F38-4FE4-BD31-672D0CB0E928} = {02EA681E-C7D8-13C7-8484-4AC65E1B71E8}
	EndGlobalSection
	GlobalSection(ExtensibilityGlobals) = postSolution
		SolutionGuid = {5F638388-4A30-4548-8BF3-4369F8A60831}
	EndGlobalSection
EndGlobal
