
Microsoft Visual Studio Solution File, Format Version 12.00
# Visual Studio Version 17
VisualStudioVersion = 17.0.32014.148
MinimumVisualStudioVersion = 10.0.40219.1
Project("{2150E333-8FDC-42A3-9474-1A3956D46DE8}") = "Server", "Server", "{C28B9442-259D-4EB2-BB57-DE4D359CFB31}"
EndProject
Project("{2150E333-8FDC-42A3-9474-1A3956D46DE8}") = "Client", "Client", "{F0063ED5-606F-437D-BBBE-D62D870DEEE8}"
EndProject
Project("{FAE04EC0-301F-11D3-BF4B-00C04F79EFBC}") = "ddns_lib", "Src\ddns_lib\ddns_lib.csproj", "{43872B3F-EC30-4CA2-8B8E-586D5EACE6AF}"
	ProjectSection(ProjectDependencies) = postProject
		{7E9A3E5A-2610-49B1-B2BC-57F740AAE422} = {7E9A3E5A-2610-49B1-B2BC-57F740AAE422}
	EndProjectSection
EndProject
Project("{8BC9CEB8-8B4A-11D0-8D11-00A0C91BC942}") = "Common", "Src\Server\Common\Common.vcxproj", "{542B5DB0-8E3E-4787-A088-5B498F41A35C}"
EndProject
Project("{8BC9CEB8-8B4A-11D0-8D11-00A0C91BC942}") = "ddns_server", "Src\Server\ddns_server\ddns_server.vcxproj", "{2C77A61C-51B3-448E-9931-4A8A173566FD}"
	ProjectSection(ProjectDependencies) = postProject
		{542B5DB0-8E3E-4787-A088-5B498F41A35C} = {542B5DB0-8E3E-4787-A088-5B498F41A35C}
		{8FC615F1-61B4-4712-97A5-0132B4DF7E9A} = {8FC615F1-61B4-4712-97A5-0132B4DF7E9A}
	EndProjectSection
EndProject
Project("{8BC9CEB8-8B4A-11D0-8D11-00A0C91BC942}") = "ddns_server_CLR", "Src\Server\ddns_server_CLR\ddns_server_CLR.vcxproj", "{8FC615F1-61B4-4712-97A5-0132B4DF7E9A}"
EndProject
Project("{8BC9CEB8-8B4A-11D0-8D11-00A0C91BC942}") = "ddns_server__Client", "Src\Server\ddns_server__Client\ddns_server__Client.vcxproj", "{F6D1D4AB-6CB9-41F1-9DF2-AD60E1E89826}"
	ProjectSection(ProjectDependencies) = postProject
		{542B5DB0-8E3E-4787-A088-5B498F41A35C} = {542B5DB0-8E3E-4787-A088-5B498F41A35C}
	EndProjectSection
EndProject
Project("{FAE04EC0-301F-11D3-BF4B-00C04F79EFBC}") = "ddns_tool", "Src\Client\ddns_tool\ddns_tool.csproj", "{4A711451-E9DB-44ED-A8D4-B6B9D30C0240}"
	ProjectSection(ProjectDependencies) = postProject
		{E827B91F-CCC6-499B-BC64-5DBAF7CEF9AA} = {E827B91F-CCC6-499B-BC64-5DBAF7CEF9AA}
	EndProjectSection
EndProject
Project("{8BC9CEB8-8B4A-11D0-8D11-00A0C91BC942}") = "ddns_tool_CLR", "Src\Client\ddns_tool_CLR\ddns_tool_CLR.vcxproj", "{E827B91F-CCC6-499B-BC64-5DBAF7CEF9AA}"
	ProjectSection(ProjectDependencies) = postProject
		{F6D1D4AB-6CB9-41F1-9DF2-AD60E1E89826} = {F6D1D4AB-6CB9-41F1-9DF2-AD60E1E89826}
	EndProjectSection
EndProject
Project("{FAE04EC0-301F-11D3-BF4B-00C04F79EFBC}") = "get_ip_from_URL", "Src\Client\get_ip_from_URL\get_ip_from_URL.csproj", "{2CF47244-A7E9-4583-8DF7-D5F876FC9658}"
EndProject
Project("{8BC9CEB8-8B4A-11D0-8D11-00A0C91BC942}") = "ddns_lib_CLR", "Src\ddns_lib_CLR\ddns_lib_CLR.vcxproj", "{7E9A3E5A-2610-49B1-B2BC-57F740AAE422}"
EndProject
Global
	GlobalSection(SolutionConfigurationPlatforms) = preSolution
		Debug|Any CPU = Debug|Any CPU
		Debug|x64 = Debug|x64
		Debug|x86 = Debug|x86
		Release|Any CPU = Release|Any CPU
		Release|x64 = Release|x64
		Release|x86 = Release|x86
	EndGlobalSection
	GlobalSection(ProjectConfigurationPlatforms) = postSolution
		{43872B3F-EC30-4CA2-8B8E-586D5EACE6AF}.Debug|Any CPU.ActiveCfg = Debug|Any CPU
		{43872B3F-EC30-4CA2-8B8E-586D5EACE6AF}.Debug|Any CPU.Build.0 = Debug|Any CPU
		{43872B3F-EC30-4CA2-8B8E-586D5EACE6AF}.Debug|x64.ActiveCfg = Debug|Any CPU
		{43872B3F-EC30-4CA2-8B8E-586D5EACE6AF}.Debug|x64.Build.0 = Debug|Any CPU
		{43872B3F-EC30-4CA2-8B8E-586D5EACE6AF}.Debug|x86.ActiveCfg = Debug|Any CPU
		{43872B3F-EC30-4CA2-8B8E-586D5EACE6AF}.Debug|x86.Build.0 = Debug|Any CPU
		{43872B3F-EC30-4CA2-8B8E-586D5EACE6AF}.Release|Any CPU.ActiveCfg = Release|Any CPU
		{43872B3F-EC30-4CA2-8B8E-586D5EACE6AF}.Release|Any CPU.Build.0 = Release|Any CPU
		{43872B3F-EC30-4CA2-8B8E-586D5EACE6AF}.Release|x64.ActiveCfg = Release|Any CPU
		{43872B3F-EC30-4CA2-8B8E-586D5EACE6AF}.Release|x64.Build.0 = Release|Any CPU
		{43872B3F-EC30-4CA2-8B8E-586D5EACE6AF}.Release|x86.ActiveCfg = Release|Any CPU
		{43872B3F-EC30-4CA2-8B8E-586D5EACE6AF}.Release|x86.Build.0 = Release|Any CPU
		{542B5DB0-8E3E-4787-A088-5B498F41A35C}.Debug|Any CPU.ActiveCfg = Debug|x64
		{542B5DB0-8E3E-4787-A088-5B498F41A35C}.Debug|Any CPU.Build.0 = Debug|x64
		{542B5DB0-8E3E-4787-A088-5B498F41A35C}.Debug|x64.ActiveCfg = Debug|x64
		{542B5DB0-8E3E-4787-A088-5B498F41A35C}.Debug|x64.Build.0 = Debug|x64
		{542B5DB0-8E3E-4787-A088-5B498F41A35C}.Debug|x86.ActiveCfg = Debug|x64
		{542B5DB0-8E3E-4787-A088-5B498F41A35C}.Debug|x86.Build.0 = Debug|x64
		{542B5DB0-8E3E-4787-A088-5B498F41A35C}.Release|Any CPU.ActiveCfg = Release|x64
		{542B5DB0-8E3E-4787-A088-5B498F41A35C}.Release|Any CPU.Build.0 = Release|x64
		{542B5DB0-8E3E-4787-A088-5B498F41A35C}.Release|x64.ActiveCfg = Release|x64
		{542B5DB0-8E3E-4787-A088-5B498F41A35C}.Release|x64.Build.0 = Release|x64
		{542B5DB0-8E3E-4787-A088-5B498F41A35C}.Release|x86.ActiveCfg = Release|x64
		{542B5DB0-8E3E-4787-A088-5B498F41A35C}.Release|x86.Build.0 = Release|x64
		{2C77A61C-51B3-448E-9931-4A8A173566FD}.Debug|Any CPU.ActiveCfg = Debug|x64
		{2C77A61C-51B3-448E-9931-4A8A173566FD}.Debug|Any CPU.Build.0 = Debug|x64
		{2C77A61C-51B3-448E-9931-4A8A173566FD}.Debug|x64.ActiveCfg = Debug|x64
		{2C77A61C-51B3-448E-9931-4A8A173566FD}.Debug|x64.Build.0 = Debug|x64
		{2C77A61C-51B3-448E-9931-4A8A173566FD}.Debug|x86.ActiveCfg = Debug|x64
		{2C77A61C-51B3-448E-9931-4A8A173566FD}.Debug|x86.Build.0 = Debug|x64
		{2C77A61C-51B3-448E-9931-4A8A173566FD}.Release|Any CPU.ActiveCfg = Release|x64
		{2C77A61C-51B3-448E-9931-4A8A173566FD}.Release|Any CPU.Build.0 = Release|x64
		{2C77A61C-51B3-448E-9931-4A8A173566FD}.Release|x64.ActiveCfg = Release|x64
		{2C77A61C-51B3-448E-9931-4A8A173566FD}.Release|x64.Build.0 = Release|x64
		{2C77A61C-51B3-448E-9931-4A8A173566FD}.Release|x86.ActiveCfg = Release|x64
		{2C77A61C-51B3-448E-9931-4A8A173566FD}.Release|x86.Build.0 = Release|x64
		{8FC615F1-61B4-4712-97A5-0132B4DF7E9A}.Debug|Any CPU.ActiveCfg = Debug|x64
		{8FC615F1-61B4-4712-97A5-0132B4DF7E9A}.Debug|Any CPU.Build.0 = Debug|x64
		{8FC615F1-61B4-4712-97A5-0132B4DF7E9A}.Debug|x64.ActiveCfg = Debug|x64
		{8FC615F1-61B4-4712-97A5-0132B4DF7E9A}.Debug|x64.Build.0 = Debug|x64
		{8FC615F1-61B4-4712-97A5-0132B4DF7E9A}.Debug|x86.ActiveCfg = Debug|x64
		{8FC615F1-61B4-4712-97A5-0132B4DF7E9A}.Debug|x86.Build.0 = Debug|x64
		{8FC615F1-61B4-4712-97A5-0132B4DF7E9A}.Release|Any CPU.ActiveCfg = Release|x64
		{8FC615F1-61B4-4712-97A5-0132B4DF7E9A}.Release|Any CPU.Build.0 = Release|x64
		{8FC615F1-61B4-4712-97A5-0132B4DF7E9A}.Release|x64.ActiveCfg = Release|x64
		{8FC615F1-61B4-4712-97A5-0132B4DF7E9A}.Release|x64.Build.0 = Release|x64
		{8FC615F1-61B4-4712-97A5-0132B4DF7E9A}.Release|x86.ActiveCfg = Release|x64
		{8FC615F1-61B4-4712-97A5-0132B4DF7E9A}.Release|x86.Build.0 = Release|x64
		{F6D1D4AB-6CB9-41F1-9DF2-AD60E1E89826}.Debug|Any CPU.ActiveCfg = Debug|x64
		{F6D1D4AB-6CB9-41F1-9DF2-AD60E1E89826}.Debug|Any CPU.Build.0 = Debug|x64
		{F6D1D4AB-6CB9-41F1-9DF2-AD60E1E89826}.Debug|x64.ActiveCfg = Debug|x64
		{F6D1D4AB-6CB9-41F1-9DF2-AD60E1E89826}.Debug|x64.Build.0 = Debug|x64
		{F6D1D4AB-6CB9-41F1-9DF2-AD60E1E89826}.Debug|x86.ActiveCfg = Debug|x64
		{F6D1D4AB-6CB9-41F1-9DF2-AD60E1E89826}.Debug|x86.Build.0 = Debug|x64
		{F6D1D4AB-6CB9-41F1-9DF2-AD60E1E89826}.Release|Any CPU.ActiveCfg = Release|x64
		{F6D1D4AB-6CB9-41F1-9DF2-AD60E1E89826}.Release|Any CPU.Build.0 = Release|x64
		{F6D1D4AB-6CB9-41F1-9DF2-AD60E1E89826}.Release|x64.ActiveCfg = Release|x64
		{F6D1D4AB-6CB9-41F1-9DF2-AD60E1E89826}.Release|x64.Build.0 = Release|x64
		{F6D1D4AB-6CB9-41F1-9DF2-AD60E1E89826}.Release|x86.ActiveCfg = Release|x64
		{F6D1D4AB-6CB9-41F1-9DF2-AD60E1E89826}.Release|x86.Build.0 = Release|x64
		{4A711451-E9DB-44ED-A8D4-B6B9D30C0240}.Debug|Any CPU.ActiveCfg = Debug|Any CPU
		{4A711451-E9DB-44ED-A8D4-B6B9D30C0240}.Debug|Any CPU.Build.0 = Debug|Any CPU
		{4A711451-E9DB-44ED-A8D4-B6B9D30C0240}.Debug|x64.ActiveCfg = Debug|Any CPU
		{4A711451-E9DB-44ED-A8D4-B6B9D30C0240}.Debug|x64.Build.0 = Debug|Any CPU
		{4A711451-E9DB-44ED-A8D4-B6B9D30C0240}.Debug|x86.ActiveCfg = Debug|Any CPU
		{4A711451-E9DB-44ED-A8D4-B6B9D30C0240}.Debug|x86.Build.0 = Debug|Any CPU
		{4A711451-E9DB-44ED-A8D4-B6B9D30C0240}.Release|Any CPU.ActiveCfg = Release|Any CPU
		{4A711451-E9DB-44ED-A8D4-B6B9D30C0240}.Release|Any CPU.Build.0 = Release|Any CPU
		{4A711451-E9DB-44ED-A8D4-B6B9D30C0240}.Release|x64.ActiveCfg = Release|Any CPU
		{4A711451-E9DB-44ED-A8D4-B6B9D30C0240}.Release|x64.Build.0 = Release|Any CPU
		{4A711451-E9DB-44ED-A8D4-B6B9D30C0240}.Release|x86.ActiveCfg = Release|Any CPU
		{4A711451-E9DB-44ED-A8D4-B6B9D30C0240}.Release|x86.Build.0 = Release|Any CPU
		{E827B91F-CCC6-499B-BC64-5DBAF7CEF9AA}.Debug|Any CPU.ActiveCfg = Debug|x64
		{E827B91F-CCC6-499B-BC64-5DBAF7CEF9AA}.Debug|Any CPU.Build.0 = Debug|x64
		{E827B91F-CCC6-499B-BC64-5DBAF7CEF9AA}.Debug|x64.ActiveCfg = Debug|x64
		{E827B91F-CCC6-499B-BC64-5DBAF7CEF9AA}.Debug|x64.Build.0 = Debug|x64
		{E827B91F-CCC6-499B-BC64-5DBAF7CEF9AA}.Debug|x86.ActiveCfg = Debug|x64
		{E827B91F-CCC6-499B-BC64-5DBAF7CEF9AA}.Debug|x86.Build.0 = Debug|x64
		{E827B91F-CCC6-499B-BC64-5DBAF7CEF9AA}.Release|Any CPU.ActiveCfg = Release|x64
		{E827B91F-CCC6-499B-BC64-5DBAF7CEF9AA}.Release|Any CPU.Build.0 = Release|x64
		{E827B91F-CCC6-499B-BC64-5DBAF7CEF9AA}.Release|x64.ActiveCfg = Release|x64
		{E827B91F-CCC6-499B-BC64-5DBAF7CEF9AA}.Release|x64.Build.0 = Release|x64
		{E827B91F-CCC6-499B-BC64-5DBAF7CEF9AA}.Release|x86.ActiveCfg = Release|x64
		{E827B91F-CCC6-499B-BC64-5DBAF7CEF9AA}.Release|x86.Build.0 = Release|x64
		{2CF47244-A7E9-4583-8DF7-D5F876FC9658}.Debug|Any CPU.ActiveCfg = Debug|Any CPU
		{2CF47244-A7E9-4583-8DF7-D5F876FC9658}.Debug|Any CPU.Build.0 = Debug|Any CPU
		{2CF47244-A7E9-4583-8DF7-D5F876FC9658}.Debug|x64.ActiveCfg = Debug|Any CPU
		{2CF47244-A7E9-4583-8DF7-D5F876FC9658}.Debug|x64.Build.0 = Debug|Any CPU
		{2CF47244-A7E9-4583-8DF7-D5F876FC9658}.Debug|x86.ActiveCfg = Debug|Any CPU
		{2CF47244-A7E9-4583-8DF7-D5F876FC9658}.Debug|x86.Build.0 = Debug|Any CPU
		{2CF47244-A7E9-4583-8DF7-D5F876FC9658}.Release|Any CPU.ActiveCfg = Release|Any CPU
		{2CF47244-A7E9-4583-8DF7-D5F876FC9658}.Release|Any CPU.Build.0 = Release|Any CPU
		{2CF47244-A7E9-4583-8DF7-D5F876FC9658}.Release|x64.ActiveCfg = Release|Any CPU
		{2CF47244-A7E9-4583-8DF7-D5F876FC9658}.Release|x64.Build.0 = Release|Any CPU
		{2CF47244-A7E9-4583-8DF7-D5F876FC9658}.Release|x86.ActiveCfg = Release|Any CPU
		{2CF47244-A7E9-4583-8DF7-D5F876FC9658}.Release|x86.Build.0 = Release|Any CPU
		{7E9A3E5A-2610-49B1-B2BC-57F740AAE422}.Debug|Any CPU.ActiveCfg = Debug|x64
		{7E9A3E5A-2610-49B1-B2BC-57F740AAE422}.Debug|Any CPU.Build.0 = Debug|x64
		{7E9A3E5A-2610-49B1-B2BC-57F740AAE422}.Debug|x64.ActiveCfg = Debug|x64
		{7E9A3E5A-2610-49B1-B2BC-57F740AAE422}.Debug|x64.Build.0 = Debug|x64
		{7E9A3E5A-2610-49B1-B2BC-57F740AAE422}.Debug|x86.ActiveCfg = Debug|x64
		{7E9A3E5A-2610-49B1-B2BC-57F740AAE422}.Release|Any CPU.ActiveCfg = Release|x64
		{7E9A3E5A-2610-49B1-B2BC-57F740AAE422}.Release|Any CPU.Build.0 = Release|x64
		{7E9A3E5A-2610-49B1-B2BC-57F740AAE422}.Release|x64.ActiveCfg = Release|x64
		{7E9A3E5A-2610-49B1-B2BC-57F740AAE422}.Release|x64.Build.0 = Release|x64
		{7E9A3E5A-2610-49B1-B2BC-57F740AAE422}.Release|x86.ActiveCfg = Release|x64
	EndGlobalSection
	GlobalSection(SolutionProperties) = preSolution
		HideSolutionNode = FALSE
	EndGlobalSection
	GlobalSection(NestedProjects) = preSolution
		{542B5DB0-8E3E-4787-A088-5B498F41A35C} = {C28B9442-259D-4EB2-BB57-DE4D359CFB31}
		{2C77A61C-51B3-448E-9931-4A8A173566FD} = {C28B9442-259D-4EB2-BB57-DE4D359CFB31}
		{8FC615F1-61B4-4712-97A5-0132B4DF7E9A} = {C28B9442-259D-4EB2-BB57-DE4D359CFB31}
		{F6D1D4AB-6CB9-41F1-9DF2-AD60E1E89826} = {C28B9442-259D-4EB2-BB57-DE4D359CFB31}
		{4A711451-E9DB-44ED-A8D4-B6B9D30C0240} = {F0063ED5-606F-437D-BBBE-D62D870DEEE8}
		{E827B91F-CCC6-499B-BC64-5DBAF7CEF9AA} = {F0063ED5-606F-437D-BBBE-D62D870DEEE8}
		{2CF47244-A7E9-4583-8DF7-D5F876FC9658} = {F0063ED5-606F-437D-BBBE-D62D870DEEE8}
	EndGlobalSection
	GlobalSection(ExtensibilityGlobals) = postSolution
		SolutionGuid = {F10986F1-A885-4610-9577-2EFB01D5B4DB}
	EndGlobalSection
EndGlobal
