
Microsoft Visual Studio Solution File, Format Version 12.00
# Visual Studio Version 17
VisualStudioVersion = 17.0.32014.148
MinimumVisualStudioVersion = 10.0.40219.1
Project("{FAE04EC0-301F-11D3-BF4B-00C04F79EFBC}") = "ddns", "ddns\ddns.csproj", "{4A711451-E9DB-44ED-A8D4-B6B9D30C0240}"
EndProject
Project("{8BC9CEB8-8B4A-11D0-8D11-00A0C91BC942}") = "ddns_server", "ddns_server\ddns_server.vcxproj", "{2C77A61C-51B3-448E-9931-4A8A173566FD}"
	ProjectSection(ProjectDependencies) = postProject
		{542B5DB0-8E3E-4787-A088-5B498F41A35C} = {542B5DB0-8E3E-4787-A088-5B498F41A35C}
		{8FC615F1-61B4-4712-97A5-0132B4DF7E9A} = {8FC615F1-61B4-4712-97A5-0132B4DF7E9A}
	EndProjectSection
EndProject
Project("{8BC9CEB8-8B4A-11D0-8D11-00A0C91BC942}") = "Common", "Common\Common.vcxproj", "{542B5DB0-8E3E-4787-A088-5B498F41A35C}"
EndProject
Project("{8BC9CEB8-8B4A-11D0-8D11-00A0C91BC942}") = "ddns_server_client", "ddns_server_client\ddns_server_client.vcxproj", "{76C3AB1B-7DD3-4B40-A21C-61ED3F4D13C4}"
	ProjectSection(ProjectDependencies) = postProject
		{542B5DB0-8E3E-4787-A088-5B498F41A35C} = {542B5DB0-8E3E-4787-A088-5B498F41A35C}
	EndProjectSection
EndProject
Project("{8BC9CEB8-8B4A-11D0-8D11-00A0C91BC942}") = "DDNS_CLR", "DDNS_CLR\DDNS_CLR.vcxproj", "{E827B91F-CCC6-499B-BC64-5DBAF7CEF9AA}"
	ProjectSection(ProjectDependencies) = postProject
		{43872B3F-EC30-4CA2-8B8E-586D5EACE6AF} = {43872B3F-EC30-4CA2-8B8E-586D5EACE6AF}
		{76C3AB1B-7DD3-4B40-A21C-61ED3F4D13C4} = {76C3AB1B-7DD3-4B40-A21C-61ED3F4D13C4}
	EndProjectSection
EndProject
Project("{FAE04EC0-301F-11D3-BF4B-00C04F79EFBC}") = "ddns_lib", "ddns_lib\ddns_lib.csproj", "{43872B3F-EC30-4CA2-8B8E-586D5EACE6AF}"
EndProject
Project("{2150E333-8FDC-42A3-9474-1A3956D46DE8}") = "Server", "Server", "{C28B9442-259D-4EB2-BB57-DE4D359CFB31}"
EndProject
Project("{2150E333-8FDC-42A3-9474-1A3956D46DE8}") = "Client", "Client", "{F0063ED5-606F-437D-BBBE-D62D870DEEE8}"
EndProject
Project("{8BC9CEB8-8B4A-11D0-8D11-00A0C91BC942}") = "ddns_server_CLR", "ddns_server_CLR\ddns_server_CLR.vcxproj", "{8FC615F1-61B4-4712-97A5-0132B4DF7E9A}"
EndProject
Global
	GlobalSection(SolutionConfigurationPlatforms) = preSolution
		Debug|x64 = Debug|x64
		Release|x64 = Release|x64
	EndGlobalSection
	GlobalSection(ProjectConfigurationPlatforms) = postSolution
		{4A711451-E9DB-44ED-A8D4-B6B9D30C0240}.Debug|x64.ActiveCfg = Debug|Any CPU
		{4A711451-E9DB-44ED-A8D4-B6B9D30C0240}.Debug|x64.Build.0 = Debug|Any CPU
		{4A711451-E9DB-44ED-A8D4-B6B9D30C0240}.Release|x64.ActiveCfg = Release|Any CPU
		{4A711451-E9DB-44ED-A8D4-B6B9D30C0240}.Release|x64.Build.0 = Release|Any CPU
		{2C77A61C-51B3-448E-9931-4A8A173566FD}.Debug|x64.ActiveCfg = Debug|x64
		{2C77A61C-51B3-448E-9931-4A8A173566FD}.Debug|x64.Build.0 = Debug|x64
		{2C77A61C-51B3-448E-9931-4A8A173566FD}.Release|x64.ActiveCfg = Release|x64
		{2C77A61C-51B3-448E-9931-4A8A173566FD}.Release|x64.Build.0 = Release|x64
		{542B5DB0-8E3E-4787-A088-5B498F41A35C}.Debug|x64.ActiveCfg = Debug|x64
		{542B5DB0-8E3E-4787-A088-5B498F41A35C}.Debug|x64.Build.0 = Debug|x64
		{542B5DB0-8E3E-4787-A088-5B498F41A35C}.Release|x64.ActiveCfg = Release|x64
		{542B5DB0-8E3E-4787-A088-5B498F41A35C}.Release|x64.Build.0 = Release|x64
		{76C3AB1B-7DD3-4B40-A21C-61ED3F4D13C4}.Debug|x64.ActiveCfg = Debug|x64
		{76C3AB1B-7DD3-4B40-A21C-61ED3F4D13C4}.Debug|x64.Build.0 = Debug|x64
		{76C3AB1B-7DD3-4B40-A21C-61ED3F4D13C4}.Release|x64.ActiveCfg = Release|x64
		{76C3AB1B-7DD3-4B40-A21C-61ED3F4D13C4}.Release|x64.Build.0 = Release|x64
		{E827B91F-CCC6-499B-BC64-5DBAF7CEF9AA}.Debug|x64.ActiveCfg = Debug|x64
		{E827B91F-CCC6-499B-BC64-5DBAF7CEF9AA}.Debug|x64.Build.0 = Debug|x64
		{E827B91F-CCC6-499B-BC64-5DBAF7CEF9AA}.Release|x64.ActiveCfg = Release|x64
		{E827B91F-CCC6-499B-BC64-5DBAF7CEF9AA}.Release|x64.Build.0 = Release|x64
		{43872B3F-EC30-4CA2-8B8E-586D5EACE6AF}.Debug|x64.ActiveCfg = Debug|Any CPU
		{43872B3F-EC30-4CA2-8B8E-586D5EACE6AF}.Debug|x64.Build.0 = Debug|Any CPU
		{43872B3F-EC30-4CA2-8B8E-586D5EACE6AF}.Release|x64.ActiveCfg = Release|Any CPU
		{43872B3F-EC30-4CA2-8B8E-586D5EACE6AF}.Release|x64.Build.0 = Release|Any CPU
		{8FC615F1-61B4-4712-97A5-0132B4DF7E9A}.Debug|x64.ActiveCfg = Debug|x64
		{8FC615F1-61B4-4712-97A5-0132B4DF7E9A}.Debug|x64.Build.0 = Debug|x64
		{8FC615F1-61B4-4712-97A5-0132B4DF7E9A}.Release|x64.ActiveCfg = Release|x64
		{8FC615F1-61B4-4712-97A5-0132B4DF7E9A}.Release|x64.Build.0 = Release|x64
	EndGlobalSection
	GlobalSection(SolutionProperties) = preSolution
		HideSolutionNode = FALSE
	EndGlobalSection
	GlobalSection(NestedProjects) = preSolution
		{4A711451-E9DB-44ED-A8D4-B6B9D30C0240} = {F0063ED5-606F-437D-BBBE-D62D870DEEE8}
		{2C77A61C-51B3-448E-9931-4A8A173566FD} = {C28B9442-259D-4EB2-BB57-DE4D359CFB31}
		{542B5DB0-8E3E-4787-A088-5B498F41A35C} = {C28B9442-259D-4EB2-BB57-DE4D359CFB31}
		{76C3AB1B-7DD3-4B40-A21C-61ED3F4D13C4} = {F0063ED5-606F-437D-BBBE-D62D870DEEE8}
		{E827B91F-CCC6-499B-BC64-5DBAF7CEF9AA} = {F0063ED5-606F-437D-BBBE-D62D870DEEE8}
		{8FC615F1-61B4-4712-97A5-0132B4DF7E9A} = {C28B9442-259D-4EB2-BB57-DE4D359CFB31}
	EndGlobalSection
	GlobalSection(ExtensibilityGlobals) = postSolution
		SolutionGuid = {F10986F1-A885-4610-9577-2EFB01D5B4DB}
	EndGlobalSection
EndGlobal
